// !$*UTF8*$!
{
	archiveVersion = 1;
	classes = {
	};
	objectVersion = 56;
	objects = {

/* Begin PBXBuildFile section */
		7B149AE22B4EBD44005E9BDE /* XML+Extension.swift in Sources */ = {isa = PBXBuildFile; fileRef = 7B149AE12B4EBD44005E9BDE /* XML+Extension.swift */; };
		7B149AE42B4EBD50005E9BDE /* Json+Extension.swift in Sources */ = {isa = PBXBuildFile; fileRef = 7B149AE32B4EBD50005E9BDE /* Json+Extension.swift */; };
		7B7F31A72B4EC7A700918003 /* D2SManager.swift in Sources */ = {isa = PBXBuildFile; fileRef = 7B7F31A22B4EC7A700918003 /* D2SManager.swift */; };
		7B7F31AB2B4EC7AD00918003 /* D2DManager.swift in Sources */ = {isa = PBXBuildFile; fileRef = 7B7F31A82B4EC7AD00918003 /* D2DManager.swift */; };
		7BDFBD372B4CE2200051AEB2 /* AppDelegate.swift in Sources */ = {isa = PBXBuildFile; fileRef = 7BDFBD362B4CE2200051AEB2 /* AppDelegate.swift */; };
		7BDFBD392B4CE2200051AEB2 /* SceneDelegate.swift in Sources */ = {isa = PBXBuildFile; fileRef = 7BDFBD382B4CE2200051AEB2 /* SceneDelegate.swift */; };
		7BDFBD3B2B4CE2200051AEB2 /* ViewController.swift in Sources */ = {isa = PBXBuildFile; fileRef = 7BDFBD3A2B4CE2200051AEB2 /* ViewController.swift */; };
		7BDFBD3E2B4CE2200051AEB2 /* Main.storyboard in Resources */ = {isa = PBXBuildFile; fileRef = 7BDFBD3C2B4CE2200051AEB2 /* Main.storyboard */; };
		7BDFBD402B4CE2230051AEB2 /* Assets.xcassets in Resources */ = {isa = PBXBuildFile; fileRef = 7BDFBD3F2B4CE2230051AEB2 /* Assets.xcassets */; };
		7BDFBD432B4CE2230051AEB2 /* LaunchScreen.storyboard in Resources */ = {isa = PBXBuildFile; fileRef = 7BDFBD412B4CE2230051AEB2 /* LaunchScreen.storyboard */; };
		7BDFBD4B2B4CE2520051AEB2 /* Entity.swift in Sources */ = {isa = PBXBuildFile; fileRef = 7BDFBD4A2B4CE2520051AEB2 /* Entity.swift */; };
		7BDFBD4D2B4CE26B0051AEB2 /* Router.swift in Sources */ = {isa = PBXBuildFile; fileRef = 7BDFBD4C2B4CE26B0051AEB2 /* Router.swift */; };
		7BDFBD4F2B4CE27E0051AEB2 /* Presenter.swift in Sources */ = {isa = PBXBuildFile; fileRef = 7BDFBD4E2B4CE27E0051AEB2 /* Presenter.swift */; };
		7BDFBD512B4CE28C0051AEB2 /* Interactor.swift in Sources */ = {isa = PBXBuildFile; fileRef = 7BDFBD502B4CE28C0051AEB2 /* Interactor.swift */; };
		7BDFBD532B4D33F10051AEB2 /* Builder.swift in Sources */ = {isa = PBXBuildFile; fileRef = 7BDFBD522B4D33F10051AEB2 /* Builder.swift */; };
		7BDFBD5E2B4D61140051AEB2 /* NetworkManager.swift in Sources */ = {isa = PBXBuildFile; fileRef = 7BDFBD5D2B4D61140051AEB2 /* NetworkManager.swift */; };
		BB3CFBB82B4F0A30001C29BC /* Repository.swift in Sources */ = {isa = PBXBuildFile; fileRef = BB3CFBB72B4F0A30001C29BC /* Repository.swift */; };
/* End PBXBuildFile section */

/* Begin PBXFileReference section */
		7B149AE12B4EBD44005E9BDE /* XML+Extension.swift */ = {isa = PBXFileReference; lastKnownFileType = sourcecode.swift; path = "XML+Extension.swift"; sourceTree = "<group>"; };
		7B149AE32B4EBD50005E9BDE /* Json+Extension.swift */ = {isa = PBXFileReference; lastKnownFileType = sourcecode.swift; path = "Json+Extension.swift"; sourceTree = "<group>"; };
		7B7F31A22B4EC7A700918003 /* D2SManager.swift */ = {isa = PBXFileReference; lastKnownFileType = sourcecode.swift; path = D2SManager.swift; sourceTree = "<group>"; };
		7B7F31A82B4EC7AD00918003 /* D2DManager.swift */ = {isa = PBXFileReference; lastKnownFileType = sourcecode.swift; path = D2DManager.swift; sourceTree = "<group>"; };
		7BDFBD332B4CE2200051AEB2 /* VolumeRemote.app */ = {isa = PBXFileReference; explicitFileType = wrapper.application; includeInIndex = 0; path = VolumeRemote.app; sourceTree = BUILT_PRODUCTS_DIR; };
		7BDFBD362B4CE2200051AEB2 /* AppDelegate.swift */ = {isa = PBXFileReference; lastKnownFileType = sourcecode.swift; path = AppDelegate.swift; sourceTree = "<group>"; };
		7BDFBD382B4CE2200051AEB2 /* SceneDelegate.swift */ = {isa = PBXFileReference; lastKnownFileType = sourcecode.swift; path = SceneDelegate.swift; sourceTree = "<group>"; };
		7BDFBD3A2B4CE2200051AEB2 /* ViewController.swift */ = {isa = PBXFileReference; lastKnownFileType = sourcecode.swift; path = ViewController.swift; sourceTree = "<group>"; };
		7BDFBD3D2B4CE2200051AEB2 /* Base */ = {isa = PBXFileReference; lastKnownFileType = file.storyboard; name = Base; path = Base.lproj/Main.storyboard; sourceTree = "<group>"; };
		7BDFBD3F2B4CE2230051AEB2 /* Assets.xcassets */ = {isa = PBXFileReference; lastKnownFileType = folder.assetcatalog; path = Assets.xcassets; sourceTree = "<group>"; };
		7BDFBD422B4CE2230051AEB2 /* Base */ = {isa = PBXFileReference; lastKnownFileType = file.storyboard; name = Base; path = Base.lproj/LaunchScreen.storyboard; sourceTree = "<group>"; };
		7BDFBD442B4CE2230051AEB2 /* Info.plist */ = {isa = PBXFileReference; lastKnownFileType = text.plist.xml; path = Info.plist; sourceTree = "<group>"; };
		7BDFBD4A2B4CE2520051AEB2 /* Entity.swift */ = {isa = PBXFileReference; lastKnownFileType = sourcecode.swift; path = Entity.swift; sourceTree = "<group>"; };
		7BDFBD4C2B4CE26B0051AEB2 /* Router.swift */ = {isa = PBXFileReference; lastKnownFileType = sourcecode.swift; path = Router.swift; sourceTree = "<group>"; };
		7BDFBD4E2B4CE27E0051AEB2 /* Presenter.swift */ = {isa = PBXFileReference; lastKnownFileType = sourcecode.swift; path = Presenter.swift; sourceTree = "<group>"; };
		7BDFBD502B4CE28C0051AEB2 /* Interactor.swift */ = {isa = PBXFileReference; lastKnownFileType = sourcecode.swift; path = Interactor.swift; sourceTree = "<group>"; };
		7BDFBD522B4D33F10051AEB2 /* Builder.swift */ = {isa = PBXFileReference; lastKnownFileType = sourcecode.swift; path = Builder.swift; sourceTree = "<group>"; };
		7BDFBD5D2B4D61140051AEB2 /* NetworkManager.swift */ = {isa = PBXFileReference; fileEncoding = 4; lastKnownFileType = sourcecode.swift; path = NetworkManager.swift; sourceTree = "<group>"; };
		BB3CFBB72B4F0A30001C29BC /* Repository.swift */ = {isa = PBXFileReference; lastKnownFileType = sourcecode.swift; path = Repository.swift; sourceTree = "<group>"; };
		BB3CFBB92B5062BF001C29BC /* z.playground */ = {isa = PBXFileReference; lastKnownFileType = file.playground; path = z.playground; sourceTree = "<group>"; xcLanguageSpecificationIdentifier = xcode.lang.swift; };
/* End PBXFileReference section */

/* Begin PBXFrameworksBuildPhase section */
		7BDFBD302B4CE2200051AEB2 /* Frameworks */ = {
			isa = PBXFrameworksBuildPhase;
			buildActionMask = 2147483647;
			files = (
			);
			runOnlyForDeploymentPostprocessing = 0;
		};
/* End PBXFrameworksBuildPhase section */

/* Begin PBXGroup section */
		7B149AE02B4EBD30005E9BDE /* Extension */ = {
			isa = PBXGroup;
			children = (
				7B149AE12B4EBD44005E9BDE /* XML+Extension.swift */,
				7B149AE32B4EBD50005E9BDE /* Json+Extension.swift */,
			);
			path = Extension;
			sourceTree = "<group>";
		};
		7B7F31AE2B4FB3ED00918003 /* VolumeModule */ = {
			isa = PBXGroup;
			children = (
				7BDFBD3A2B4CE2200051AEB2 /* ViewController.swift */,
				7BDFBD4E2B4CE27E0051AEB2 /* Presenter.swift */,
				7BDFBD4C2B4CE26B0051AEB2 /* Router.swift */,
				7BDFBD522B4D33F10051AEB2 /* Builder.swift */,
				7BDFBD502B4CE28C0051AEB2 /* Interactor.swift */,
				BB3CFBB72B4F0A30001C29BC /* Repository.swift */,
				7BDFBD4A2B4CE2520051AEB2 /* Entity.swift */,
			);
			path = VolumeModule;
			sourceTree = "<group>";
		};
		7BDFBD2A2B4CE2200051AEB2 = {
			isa = PBXGroup;
			children = (
				BB3CFBB92B5062BF001C29BC /* z.playground */,
				7BDFBD352B4CE2200051AEB2 /* VolumeRemote */,
				7B149AE02B4EBD30005E9BDE /* Extension */,
				7BDFBD342B4CE2200051AEB2 /* Products */,
			);
			sourceTree = "<group>";
		};
		7BDFBD342B4CE2200051AEB2 /* Products */ = {
			isa = PBXGroup;
			children = (
				7BDFBD332B4CE2200051AEB2 /* VolumeRemote.app */,
			);
			name = Products;
			sourceTree = "<group>";
		};
		7BDFBD352B4CE2200051AEB2 /* VolumeRemote */ = {
			isa = PBXGroup;
			children = (
				7BDFBD542B4D5F4A0051AEB2 /* Network */,
				7B7F31AE2B4FB3ED00918003 /* VolumeModule */,
				7BDFBD362B4CE2200051AEB2 /* AppDelegate.swift */,
				7BDFBD382B4CE2200051AEB2 /* SceneDelegate.swift */,
				7BDFBD3F2B4CE2230051AEB2 /* Assets.xcassets */,
				7BDFBD412B4CE2230051AEB2 /* LaunchScreen.storyboard */,
				7BDFBD442B4CE2230051AEB2 /* Info.plist */,
				7BDFBD3C2B4CE2200051AEB2 /* Main.storyboard */,
			);
			path = VolumeRemote;
			sourceTree = "<group>";
		};
		7BDFBD542B4D5F4A0051AEB2 /* Network */ = {
			isa = PBXGroup;
			children = (
				7B7F31A82B4EC7AD00918003 /* D2DManager.swift */,
				7B7F31A22B4EC7A700918003 /* D2SManager.swift */,
				7BDFBD5D2B4D61140051AEB2 /* NetworkManager.swift */,
			);
			path = Network;
			sourceTree = "<group>";
		};
/* End PBXGroup section */

/* Begin PBXNativeTarget section */
		7BDFBD322B4CE2200051AEB2 /* VolumeRemote */ = {
			isa = PBXNativeTarget;
			buildConfigurationList = 7BDFBD472B4CE2230051AEB2 /* Build configuration list for PBXNativeTarget "VolumeRemote" */;
			buildPhases = (
				7BDFBD2F2B4CE2200051AEB2 /* Sources */,
				7BDFBD302B4CE2200051AEB2 /* Frameworks */,
				7BDFBD312B4CE2200051AEB2 /* Resources */,
			);
			buildRules = (
			);
			dependencies = (
			);
			name = VolumeRemote;
			productName = VolumeRemote;
			productReference = 7BDFBD332B4CE2200051AEB2 /* VolumeRemote.app */;
			productType = "com.apple.product-type.application";
		};
/* End PBXNativeTarget section */

/* Begin PBXProject section */
		7BDFBD2B2B4CE2200051AEB2 /* Project object */ = {
			isa = PBXProject;
			attributes = {
				BuildIndependentTargetsInParallel = 1;
				LastSwiftUpdateCheck = 1500;
				LastUpgradeCheck = 1500;
				TargetAttributes = {
					7BDFBD322B4CE2200051AEB2 = {
						CreatedOnToolsVersion = 15.0;
					};
				};
			};
			buildConfigurationList = 7BDFBD2E2B4CE2200051AEB2 /* Build configuration list for PBXProject "VolumeRemote" */;
			compatibilityVersion = "Xcode 14.0";
			developmentRegion = en;
			hasScannedForEncodings = 0;
			knownRegions = (
				en,
				Base,
			);
			mainGroup = 7BDFBD2A2B4CE2200051AEB2;
			productRefGroup = 7BDFBD342B4CE2200051AEB2 /* Products */;
			projectDirPath = "";
			projectRoot = "";
			targets = (
				7BDFBD322B4CE2200051AEB2 /* VolumeRemote */,
			);
		};
/* End PBXProject section */

/* Begin PBXResourcesBuildPhase section */
		7BDFBD312B4CE2200051AEB2 /* Resources */ = {
			isa = PBXResourcesBuildPhase;
			buildActionMask = 2147483647;
			files = (
				7BDFBD432B4CE2230051AEB2 /* LaunchScreen.storyboard in Resources */,
				7BDFBD402B4CE2230051AEB2 /* Assets.xcassets in Resources */,
				7BDFBD3E2B4CE2200051AEB2 /* Main.storyboard in Resources */,
			);
			runOnlyForDeploymentPostprocessing = 0;
		};
/* End PBXResourcesBuildPhase section */

/* Begin PBXSourcesBuildPhase section */
		7BDFBD2F2B4CE2200051AEB2 /* Sources */ = {
			isa = PBXSourcesBuildPhase;
			buildActionMask = 2147483647;
			files = (
				7B7F31AB2B4EC7AD00918003 /* D2DManager.swift in Sources */,
				7BDFBD5E2B4D61140051AEB2 /* NetworkManager.swift in Sources */,
				7BDFBD4F2B4CE27E0051AEB2 /* Presenter.swift in Sources */,
				7BDFBD4B2B4CE2520051AEB2 /* Entity.swift in Sources */,
				7BDFBD3B2B4CE2200051AEB2 /* ViewController.swift in Sources */,
				7BDFBD4D2B4CE26B0051AEB2 /* Router.swift in Sources */,
				7B7F31A72B4EC7A700918003 /* D2SManager.swift in Sources */,
				7BDFBD372B4CE2200051AEB2 /* AppDelegate.swift in Sources */,
				BB3CFBB82B4F0A30001C29BC /* Repository.swift in Sources */,
				7BDFBD512B4CE28C0051AEB2 /* Interactor.swift in Sources */,
				7B149AE22B4EBD44005E9BDE /* XML+Extension.swift in Sources */,
				7B149AE42B4EBD50005E9BDE /* Json+Extension.swift in Sources */,
				7BDFBD392B4CE2200051AEB2 /* SceneDelegate.swift in Sources */,
				7BDFBD532B4D33F10051AEB2 /* Builder.swift in Sources */,
			);
			runOnlyForDeploymentPostprocessing = 0;
		};
/* End PBXSourcesBuildPhase section */

/* Begin PBXVariantGroup section */
		7BDFBD3C2B4CE2200051AEB2 /* Main.storyboard */ = {
			isa = PBXVariantGroup;
			children = (
				7BDFBD3D2B4CE2200051AEB2 /* Base */,
			);
			name = Main.storyboard;
			sourceTree = "<group>";
		};
		7BDFBD412B4CE2230051AEB2 /* LaunchScreen.storyboard */ = {
			isa = PBXVariantGroup;
			children = (
				7BDFBD422B4CE2230051AEB2 /* Base */,
			);
			name = LaunchScreen.storyboard;
			sourceTree = "<group>";
		};
/* End PBXVariantGroup section */

/* Begin XCBuildConfiguration section */
		7BDFBD452B4CE2230051AEB2 /* Debug */ = {
			isa = XCBuildConfiguration;
			buildSettings = {
				ALWAYS_SEARCH_USER_PATHS = NO;
				ASSETCATALOG_COMPILER_GENERATE_SWIFT_ASSET_SYMBOL_EXTENSIONS = YES;
				CLANG_ANALYZER_NONNULL = YES;
				CLANG_ANALYZER_NUMBER_OBJECT_CONVERSION = YES_AGGRESSIVE;
				CLANG_CXX_LANGUAGE_STANDARD = "gnu++20";
				CLANG_ENABLE_MODULES = YES;
				CLANG_ENABLE_OBJC_ARC = YES;
				CLANG_ENABLE_OBJC_WEAK = YES;
				CLANG_WARN_BLOCK_CAPTURE_AUTORELEASING = YES;
				CLANG_WARN_BOOL_CONVERSION = YES;
				CLANG_WARN_COMMA = YES;
				CLANG_WARN_CONSTANT_CONVERSION = YES;
				CLANG_WARN_DEPRECATED_OBJC_IMPLEMENTATIONS = YES;
				CLANG_WARN_DIRECT_OBJC_ISA_USAGE = YES_ERROR;
				CLANG_WARN_DOCUMENTATION_COMMENTS = YES;
				CLANG_WARN_EMPTY_BODY = YES;
				CLANG_WARN_ENUM_CONVERSION = YES;
				CLANG_WARN_INFINITE_RECURSION = YES;
				CLANG_WARN_INT_CONVERSION = YES;
				CLANG_WARN_NON_LITERAL_NULL_CONVERSION = YES;
				CLANG_WARN_OBJC_IMPLICIT_RETAIN_SELF = YES;
				CLANG_WARN_OBJC_LITERAL_CONVERSION = YES;
				CLANG_WARN_OBJC_ROOT_CLASS = YES_ERROR;
				CLANG_WARN_QUOTED_INCLUDE_IN_FRAMEWORK_HEADER = YES;
				CLANG_WARN_RANGE_LOOP_ANALYSIS = YES;
				CLANG_WARN_STRICT_PROTOTYPES = YES;
				CLANG_WARN_SUSPICIOUS_MOVE = YES;
				CLANG_WARN_UNGUARDED_AVAILABILITY = YES_AGGRESSIVE;
				CLANG_WARN_UNREACHABLE_CODE = YES;
				CLANG_WARN__DUPLICATE_METHOD_MATCH = YES;
				COPY_PHASE_STRIP = NO;
				DEBUG_INFORMATION_FORMAT = dwarf;
				ENABLE_STRICT_OBJC_MSGSEND = YES;
				ENABLE_TESTABILITY = YES;
				ENABLE_USER_SCRIPT_SANDBOXING = YES;
				GCC_C_LANGUAGE_STANDARD = gnu17;
				GCC_DYNAMIC_NO_PIC = NO;
				GCC_NO_COMMON_BLOCKS = YES;
				GCC_OPTIMIZATION_LEVEL = 0;
				GCC_PREPROCESSOR_DEFINITIONS = (
					"DEBUG=1",
					"$(inherited)",
				);
				GCC_WARN_64_TO_32_BIT_CONVERSION = YES;
				GCC_WARN_ABOUT_RETURN_TYPE = YES_ERROR;
				GCC_WARN_UNDECLARED_SELECTOR = YES;
				GCC_WARN_UNINITIALIZED_AUTOS = YES_AGGRESSIVE;
				GCC_WARN_UNUSED_FUNCTION = YES;
				GCC_WARN_UNUSED_VARIABLE = YES;
				IPHONEOS_DEPLOYMENT_TARGET = 14.0;
				LOCALIZATION_PREFERS_STRING_CATALOGS = YES;
				MTL_ENABLE_DEBUG_INFO = INCLUDE_SOURCE;
				MTL_FAST_MATH = YES;
				ONLY_ACTIVE_ARCH = YES;
				SDKROOT = iphoneos;
				SWIFT_ACTIVE_COMPILATION_CONDITIONS = "DEBUG $(inherited)";
				SWIFT_OPTIMIZATION_LEVEL = "-Onone";
			};
			name = Debug;
		};
		7BDFBD462B4CE2230051AEB2 /* Release */ = {
			isa = XCBuildConfiguration;
			buildSettings = {
				ALWAYS_SEARCH_USER_PATHS = NO;
				ASSETCATALOG_COMPILER_GENERATE_SWIFT_ASSET_SYMBOL_EXTENSIONS = YES;
				CLANG_ANALYZER_NONNULL = YES;
				CLANG_ANALYZER_NUMBER_OBJECT_CONVERSION = YES_AGGRESSIVE;
				CLANG_CXX_LANGUAGE_STANDARD = "gnu++20";
				CLANG_ENABLE_MODULES = YES;
				CLANG_ENABLE_OBJC_ARC = YES;
				CLANG_ENABLE_OBJC_WEAK = YES;
				CLANG_WARN_BLOCK_CAPTURE_AUTORELEASING = YES;
				CLANG_WARN_BOOL_CONVERSION = YES;
				CLANG_WARN_COMMA = YES;
				CLANG_WARN_CONSTANT_CONVERSION = YES;
				CLANG_WARN_DEPRECATED_OBJC_IMPLEMENTATIONS = YES;
				CLANG_WARN_DIRECT_OBJC_ISA_USAGE = YES_ERROR;
				CLANG_WARN_DOCUMENTATION_COMMENTS = YES;
				CLANG_WARN_EMPTY_BODY = YES;
				CLANG_WARN_ENUM_CONVERSION = YES;
				CLANG_WARN_INFINITE_RECURSION = YES;
				CLANG_WARN_INT_CONVERSION = YES;
				CLANG_WARN_NON_LITERAL_NULL_CONVERSION = YES;
				CLANG_WARN_OBJC_IMPLICIT_RETAIN_SELF = YES;
				CLANG_WARN_OBJC_LITERAL_CONVERSION = YES;
				CLANG_WARN_OBJC_ROOT_CLASS = YES_ERROR;
				CLANG_WARN_QUOTED_INCLUDE_IN_FRAMEWORK_HEADER = YES;
				CLANG_WARN_RANGE_LOOP_ANALYSIS = YES;
				CLANG_WARN_STRICT_PROTOTYPES = YES;
				CLANG_WARN_SUSPICIOUS_MOVE = YES;
				CLANG_WARN_UNGUARDED_AVAILABILITY = YES_AGGRESSIVE;
				CLANG_WARN_UNREACHABLE_CODE = YES;
				CLANG_WARN__DUPLICATE_METHOD_MATCH = YES;
				COPY_PHASE_STRIP = NO;
				DEBUG_INFORMATION_FORMAT = "dwarf-with-dsym";
				ENABLE_NS_ASSERTIONS = NO;
				ENABLE_STRICT_OBJC_MSGSEND = YES;
				ENABLE_USER_SCRIPT_SANDBOXING = YES;
				GCC_C_LANGUAGE_STANDARD = gnu17;
				GCC_NO_COMMON_BLOCKS = YES;
				GCC_WARN_64_TO_32_BIT_CONVERSION = YES;
				GCC_WARN_ABOUT_RETURN_TYPE = YES_ERROR;
				GCC_WARN_UNDECLARED_SELECTOR = YES;
				GCC_WARN_UNINITIALIZED_AUTOS = YES_AGGRESSIVE;
				GCC_WARN_UNUSED_FUNCTION = YES;
				GCC_WARN_UNUSED_VARIABLE = YES;
				IPHONEOS_DEPLOYMENT_TARGET = 14.0;
				LOCALIZATION_PREFERS_STRING_CATALOGS = YES;
				MTL_ENABLE_DEBUG_INFO = NO;
				MTL_FAST_MATH = YES;
				SDKROOT = iphoneos;
				SWIFT_COMPILATION_MODE = wholemodule;
				VALIDATE_PRODUCT = YES;
			};
			name = Release;
		};
		7BDFBD482B4CE2230051AEB2 /* Debug */ = {
			isa = XCBuildConfiguration;
			buildSettings = {
				ASSETCATALOG_COMPILER_APPICON_NAME = AppIcon;
				ASSETCATALOG_COMPILER_GLOBAL_ACCENT_COLOR_NAME = AccentColor;
				CODE_SIGN_IDENTITY = "Apple Development";
				CODE_SIGN_STYLE = Automatic;
				CURRENT_PROJECT_VERSION = 1;
				DEVELOPMENT_TEAM = "";
				GENERATE_INFOPLIST_FILE = YES;
				INFOPLIST_FILE = VolumeRemote/Info.plist;
				INFOPLIST_KEY_UIApplicationSupportsIndirectInputEvents = YES;
				INFOPLIST_KEY_UILaunchStoryboardName = LaunchScreen;
				INFOPLIST_KEY_UIMainStoryboardFile = Main;
				INFOPLIST_KEY_UISupportedInterfaceOrientations_iPad = "UIInterfaceOrientationPortrait UIInterfaceOrientationPortraitUpsideDown UIInterfaceOrientationLandscapeLeft UIInterfaceOrientationLandscapeRight";
				INFOPLIST_KEY_UISupportedInterfaceOrientations_iPhone = "UIInterfaceOrientationPortrait UIInterfaceOrientationLandscapeLeft UIInterfaceOrientationLandscapeRight";
				IPHONEOS_DEPLOYMENT_TARGET = 14;
				LD_RUNPATH_SEARCH_PATHS = (
					"$(inherited)",
					"@executable_path/Frameworks",
				);
				MARKETING_VERSION = 1.0;
				PRODUCT_BUNDLE_IDENTIFIER = com.learning.VolumeRemote;
				PRODUCT_NAME = "$(TARGET_NAME)";
				PROVISIONING_PROFILE_SPECIFIER = "";
				SWIFT_EMIT_LOC_STRINGS = YES;
				SWIFT_VERSION = 5.0;
				TARGETED_DEVICE_FAMILY = "1,2";
			};
			name = Debug;
		};
		7BDFBD492B4CE2230051AEB2 /* Release */ = {
			isa = XCBuildConfiguration;
			buildSettings = {
				ASSETCATALOG_COMPILER_APPICON_NAME = AppIcon;
				ASSETCATALOG_COMPILER_GLOBAL_ACCENT_COLOR_NAME = AccentColor;
				CODE_SIGN_IDENTITY = "Apple Development";
				CODE_SIGN_STYLE = Automatic;
				CURRENT_PROJECT_VERSION = 1;
				DEVELOPMENT_TEAM = "";
				GENERATE_INFOPLIST_FILE = YES;
				INFOPLIST_FILE = VolumeRemote/Info.plist;
				INFOPLIST_KEY_UIApplicationSupportsIndirectInputEvents = YES;
				INFOPLIST_KEY_UILaunchStoryboardName = LaunchScreen;
				INFOPLIST_KEY_UIMainStoryboardFile = Main;
				INFOPLIST_KEY_UISupportedInterfaceOrientations_iPad = "UIInterfaceOrientationPortrait UIInterfaceOrientationPortraitUpsideDown UIInterfaceOrientationLandscapeLeft UIInterfaceOrientationLandscapeRight";
				INFOPLIST_KEY_UISupportedInterfaceOrientations_iPhone = "UIInterfaceOrientationPortrait UIInterfaceOrientationLandscapeLeft UIInterfaceOrientationLandscapeRight";
				IPHONEOS_DEPLOYMENT_TARGET = 14;
				LD_RUNPATH_SEARCH_PATHS = (
					"$(inherited)",
					"@executable_path/Frameworks",
				);
				MARKETING_VERSION = 1.0;
				PRODUCT_BUNDLE_IDENTIFIER = com.learning.VolumeRemote;
				PRODUCT_NAME = "$(TARGET_NAME)";
				PROVISIONING_PROFILE_SPECIFIER = "";
				SWIFT_EMIT_LOC_STRINGS = YES;
				SWIFT_VERSION = 5.0;
				TARGETED_DEVICE_FAMILY = "1,2";
			};
			name = Release;
		};
/* End XCBuildConfiguration section */

/* Begin XCConfigurationList section */
		7BDFBD2E2B4CE2200051AEB2 /* Build configuration list for PBXProject "VolumeRemote" */ = {
			isa = XCConfigurationList;
			buildConfigurations = (
				7BDFBD452B4CE2230051AEB2 /* Debug */,
				7BDFBD462B4CE2230051AEB2 /* Release */,
			);
			defaultConfigurationIsVisible = 0;
			defaultConfigurationName = Release;
		};
		7BDFBD472B4CE2230051AEB2 /* Build configuration list for PBXNativeTarget "VolumeRemote" */ = {
			isa = XCConfigurationList;
			buildConfigurations = (
				7BDFBD482B4CE2230051AEB2 /* Debug */,
				7BDFBD492B4CE2230051AEB2 /* Release */,
			);
			defaultConfigurationIsVisible = 0;
			defaultConfigurationName = Release;
		};
/* End XCConfigurationList section */
	};
	rootObject = 7BDFBD2B2B4CE2200051AEB2 /* Project object */;
}
